
Microsoft Visual Studio Solution File, Format Version 12.00
# Visual Studio Version 16
VisualStudioVersion = 16.0.29509.3
MinimumVisualStudioVersion = 10.0.40219.1
Project("{FAE04EC0-301F-11D3-BF4B-00C04F79EFBC}") = "FlowText", "FlowText\FlowText.csproj", "{2D7CB7CA-8D9E-45C5-A6C7-E579D5671637}"
EndProject
Global
	GlobalSection(SolutionConfigurationPlatforms) = preSolution
		Debug|Any CPU = Debug|Any CPU
		Release|Any CPU = Release|Any CPU
	EndGlobalSection
	GlobalSection(ProjectConfigurationPlatforms) = postSolution
		{2D7CB7CA-8D9E-45C5-A6C7-E579D5671637}.Debug|Any CPU.ActiveCfg = Debug|Any CPU
		{2D7CB7CA-8D9E-45C5-A6C7-E579D5671637}.Debug|Any CPU.Build.0 = Debug|Any CPU
		{2D7CB7CA-8D9E-45C5-A6C7-E579D5671637}.Release|Any CPU.ActiveCfg = Release|Any CPU
		{2D7CB7CA-8D9E-45C5-A6C7-E579D5671637}.Release|Any CPU.Build.0 = Release|Any CPU
	EndGlobalSection
	GlobalSection(SolutionProperties) = preSolution
		HideSolutionNode = FALSE
	EndGlobalSection
	GlobalSection(ExtensibilityGlobals) = postSolution
		SolutionGuid = {892AB25D-C4EA-4EEF-97E9-69860BDDA20D}
	EndGlobalSection
EndGlobal
